{
  "name": "coroute",
  "version": "1.0.0",
  "lockfileVersion": 1,
  "requires": true,
  "dependencies": {
    "gar": {
      "version": "1.0.3",
      "resolved": "https://registry.npmjs.org/gar/-/gar-1.0.3.tgz",
      "integrity": "sha512-zDpwk/l3HbhjVAvdxNUTJFzgXiNy0a7EmE/50XT38o1z+7NJbFhp+8CDsv1Qgy2adBAwUVYlMpIX2fZUbmlUJw=="
    },
    "phin": {
      "version": "2.9.0",
      "resolved": "https://registry.npmjs.org/phin/-/phin-2.9.0.tgz",
      "integrity": "sha512-2az4ADCnoEsaEy00UNJSkwFbp4B4ti53AKT26/Dt8lWtw/DABhx+PWpf+wKC7KsqnJoSd9FZ5NpuGc+I8c5ZUg=="
    },
    "vaxic": {
      "version": "2.3.1",
      "resolved": "https://registry.npmjs.org/vaxic/-/vaxic-2.3.1.tgz",
      "integrity": "sha512-XXoDD/HsZTWczI/uCe1JXB1tcinZME2HMwgnnLyzfrihTc4IRy1vNB3wQBbV2ibWYbexVTUCAQk2DbuZCLG1NA==",
      "requires": {
        "phin": "2.9.0"
      }
    }
  }
}
